// !$*UTF8*$!
{
	archiveVersion = 1;
	classes = {
	};
	objectVersion = 46;
	objects = {

/* Begin PBXBuildFile section */
		59CE58481CBBF09900F94B58 /* AppDelegate.swift in Sources */ = {isa = PBXBuildFile; fileRef = 59CE58471CBBF09900F94B58 /* AppDelegate.swift */; };
		59CE584A1CBBF09900F94B58 /* ViewController.swift in Sources */ = {isa = PBXBuildFile; fileRef = 59CE58491CBBF09900F94B58 /* ViewController.swift */; };
		59CE584D1CBBF09900F94B58 /* Main.storyboard in Resources */ = {isa = PBXBuildFile; fileRef = 59CE584B1CBBF09900F94B58 /* Main.storyboard */; };
		59CE584F1CBBF09900F94B58 /* Assets.xcassets in Resources */ = {isa = PBXBuildFile; fileRef = 59CE584E1CBBF09900F94B58 /* Assets.xcassets */; };
		59CE58521CBBF09900F94B58 /* LaunchScreen.storyboard in Resources */ = {isa = PBXBuildFile; fileRef = 59CE58501CBBF09900F94B58 /* LaunchScreen.storyboard */; };
		59CE585A1CBBF15800F94B58 /* TipCalculatorModel.swift in Sources */ = {isa = PBXBuildFile; fileRef = 59CE58591CBBF15800F94B58 /* TipCalculatorModel.swift */; };
/* End PBXBuildFile section */

/* Begin PBXFileReference section */
		59CE58441CBBF09900F94B58 /* TipCalculator.app */ = {isa = PBXFileReference; explicitFileType = wrapper.application; includeInIndex = 0; path = TipCalculator.app; sourceTree = BUILT_PRODUCTS_DIR; };
		59CE58471CBBF09900F94B58 /* AppDelegate.swift */ = {isa = PBXFileReference; lastKnownFileType = sourcecode.swift; path = AppDelegate.swift; sourceTree = "<group>"; };
		59CE58491CBBF09900F94B58 /* ViewController.swift */ = {isa = PBXFileReference; lastKnownFileType = sourcecode.swift; path = ViewController.swift; sourceTree = "<group>"; };
		59CE584C1CBBF09900F94B58 /* Base */ = {isa = PBXFileReference; lastKnownFileType = file.storyboard; name = Base; path = Base.lproj/Main.storyboard; sourceTree = "<group>"; };
		59CE584E1CBBF09900F94B58 /* Assets.xcassets */ = {isa = PBXFileReference; lastKnownFileType = folder.assetcatalog; path = Assets.xcassets; sourceTree = "<group>"; };
		59CE58511CBBF09900F94B58 /* Base */ = {isa = PBXFileReference; lastKnownFileType = file.storyboard; name = Base; path = Base.lproj/LaunchScreen.storyboard; sourceTree = "<group>"; };
		59CE58531CBBF09900F94B58 /* Info.plist */ = {isa = PBXFileReference; lastKnownFileType = text.plist.xml; path = Info.plist; sourceTree = "<group>"; };
		59CE58591CBBF15800F94B58 /* TipCalculatorModel.swift */ = {isa = PBXFileReference; fileEncoding = 4; lastKnownFileType = sourcecode.swift; path = TipCalculatorModel.swift; sourceTree = "<group>"; };
/* End PBXFileReference section */

/* Begin PBXFrameworksBuildPhase section */
		59CE58411CBBF09900F94B58 /* Frameworks */ = {
			isa = PBXFrameworksBuildPhase;
			buildActionMask = 2147483647;
			files = (
			);
			runOnlyForDeploymentPostprocessing = 0;
		};
/* End PBXFrameworksBuildPhase section */

/* Begin PBXGroup section */
		59CE583B1CBBF09900F94B58 = {
			isa = PBXGroup;
			children = (
				59CE58591CBBF15800F94B58 /* TipCalculatorModel.swift */,
				59CE58461CBBF09900F94B58 /* TipCalculator */,
				59CE58451CBBF09900F94B58 /* Products */,
			);
			sourceTree = "<group>";
		};
		59CE58451CBBF09900F94B58 /* Products */ = {
			isa = PBXGroup;
			children = (
				59CE58441CBBF09900F94B58 /* TipCalculator.app */,
			);
			name = Products;
			sourceTree = "<group>";
		};
		59CE58461CBBF09900F94B58 /* TipCalculator */ = {
			isa = PBXGroup;
			children = (
				59CE58471CBBF09900F94B58 /* AppDelegate.swift */,
				59CE58491CBBF09900F94B58 /* ViewController.swift */,
				59CE584B1CBBF09900F94B58 /* Main.storyboard */,
				59CE584E1CBBF09900F94B58 /* Assets.xcassets */,
				59CE58501CBBF09900F94B58 /* LaunchScreen.storyboard */,
				59CE58531CBBF09900F94B58 /* Info.plist */,
			);
			path = TipCalculator;
			sourceTree = "<group>";
		};
/* End PBXGroup section */

/* Begin PBXNativeTarget section */
		59CE58431CBBF09900F94B58 /* TipCalculator */ = {
			isa = PBXNativeTarget;
			buildConfigurationList = 59CE58561CBBF09900F94B58 /* Build configuration list for PBXNativeTarget "TipCalculator" */;
			buildPhases = (
				59CE58401CBBF09900F94B58 /* Sources */,
				59CE58411CBBF09900F94B58 /* Frameworks */,
				59CE58421CBBF09900F94B58 /* Resources */,
			);
			buildRules = (
			);
			dependencies = (
			);
			name = TipCalculator;
			productName = TipCalculator;
			productReference = 59CE58441CBBF09900F94B58 /* TipCalculator.app */;
			productType = "com.apple.product-type.application";
		};
/* End PBXNativeTarget section */

/* Begin PBXProject section */
		59CE583C1CBBF09900F94B58 /* Project object */ = {
			isa = PBXProject;
			attributes = {
				LastSwiftUpdateCheck = 0730;
				LastUpgradeCheck = 0730;
				ORGANIZATIONNAME = "Mackenzie Britton";
				TargetAttributes = {
					59CE58431CBBF09900F94B58 = {
						CreatedOnToolsVersion = 7.3;
					};
				};
			};
			buildConfigurationList = 59CE583F1CBBF09900F94B58 /* Build configuration list for PBXProject "TipCalculator" */;
			compatibilityVersion = "Xcode 3.2";
			developmentRegion = English;
			hasScannedForEncodings = 0;
			knownRegions = (
				en,
				Base,
			);
			mainGroup = 59CE583B1CBBF09900F94B58;
			productRefGroup = 59CE58451CBBF09900F94B58 /* Products */;
			projectDirPath = "";
			projectRoot = "";
			targets = (
				59CE58431CBBF09900F94B58 /* TipCalculator */,
			);
		};
/* End PBXProject section */

/* Begin PBXResourcesBuildPhase section */
		59CE58421CBBF09900F94B58 /* Resources */ = {
			isa = PBXResourcesBuildPhase;
			buildActionMask = 2147483647;
			files = (
				59CE58521CBBF09900F94B58 /* LaunchScreen.storyboard in Resources */,
				59CE584F1CBBF09900F94B58 /* Assets.xcassets in Resources */,
				59CE584D1CBBF09900F94B58 /* Main.storyboard in Resources */,
			);
			runOnlyForDeploymentPostprocessing = 0;
		};
/* End PBXResourcesBuildPhase section */

/* Begin PBXSourcesBuildPhase section */
		59CE58401CBBF09900F94B58 /* Sources */ = {
			isa = PBXSourcesBuildPhase;
			buildActionMask = 2147483647;
			files = (
				59CE585A1CBBF15800F94B58 /* TipCalculatorModel.swift in Sources */,
				59CE584A1CBBF09900F94B58 /* ViewController.swift in Sources */,
				59CE58481CBBF09900F94B58 /* AppDelegate.swift in Sources */,
			);
			runOnlyForDeploymentPostprocessing = 0;
		};
/* End PBXSourcesBuildPhase section */

/* Begin PBXVariantGroup section */
		59CE584B1CBBF09900F94B58 /* Main.storyboard */ = {
			isa = PBXVariantGroup;
			children = (
				59CE584C1CBBF09900F94B58 /* Base */,
			);
			name = Main.storyboard;
			sourceTree = "<group>";
		};
		59CE58501CBBF09900F94B58 /* LaunchScreen.storyboard */ = {
			isa = PBXVariantGroup;
			children = (
				59CE58511CBBF09900F94B58 /* Base */,
			);
			name = LaunchScreen.storyboard;
			sourceTree = "<group>";
		};
/* End PBXVariantGroup section */

/* Begin XCBuildConfiguration section */
		59CE58541CBBF09900F94B58 /* Debug */ = {
			isa = XCBuildConfiguration;
			buildSettings = {
				ALWAYS_SEARCH_USER_PATHS = NO;
				CLANG_ANALYZER_NONNULL = YES;
				CLANG_CXX_LANGUAGE_STANDARD = "gnu++0x";
				CLANG_CXX_LIBRARY = "libc++";
				CLANG_ENABLE_MODULES = YES;
				CLANG_ENABLE_OBJC_ARC = YES;
				CLANG_WARN_BOOL_CONVERSION = YES;
				CLANG_WARN_CONSTANT_CONVERSION = YES;
				CLANG_WARN_DIRECT_OBJC_ISA_USAGE = YES_ERROR;
				CLANG_WARN_EMPTY_BODY = YES;
				CLANG_WARN_ENUM_CONVERSION = YES;
				CLANG_WARN_INT_CONVERSION = YES;
				CLANG_WARN_OBJC_ROOT_CLASS = YES_ERROR;
				CLANG_WARN_UNREACHABLE_CODE = YES;
				CLANG_WARN__DUPLICATE_METHOD_MATCH = YES;
				"CODE_SIGN_IDENTITY[sdk=iphoneos*]" = "iPhone Developer";
				COPY_PHASE_STRIP = NO;
				DEBUG_INFORMATION_FORMAT = dwarf;
				ENABLE_STRICT_OBJC_MSGSEND = YES;
				ENABLE_TESTABILITY = YES;
				GCC_C_LANGUAGE_STANDARD = gnu99;
				GCC_DYNAMIC_NO_PIC = NO;
				GCC_NO_COMMON_BLOCKS = YES;
				GCC_OPTIMIZATION_LEVEL = 0;
				GCC_PREPROCESSOR_DEFINITIONS = (
					"DEBUG=1",
					"$(inherited)",
				);
				GCC_WARN_64_TO_32_BIT_CONVERSION = YES;
				GCC_WARN_ABOUT_RETURN_TYPE = YES_ERROR;
				GCC_WARN_UNDECLARED_SELECTOR = YES;
				GCC_WARN_UNINITIALIZED_AUTOS = YES_AGGRESSIVE;
				GCC_WARN_UNUSED_FUNCTION = YES;
				GCC_WARN_UNUSED_VARIABLE = YES;
				IPHONEOS_DEPLOYMENT_TARGET = 9.3;
				MTL_ENABLE_DEBUG_INFO = YES;
				ONLY_ACTIVE_ARCH = YES;
				SDKROOT = iphoneos;
				SWIFT_OPTIMIZATION_LEVEL = "-Onone";
				TARGETED_DEVICE_FAMILY = "1,2";
			};
			name = Debug;
		};
		59CE58551CBBF09900F94B58 /* Release */ = {
			isa = XCBuildConfiguration;
			buildSettings = {
				ALWAYS_SEARCH_USER_PATHS = NO;
				CLANG_ANALYZER_NONNULL = YES;
				CLANG_CXX_LANGUAGE_STANDARD = "gnu++0x";
				CLANG_CXX_LIBRARY = "libc++";
				CLANG_ENABLE_MODULES = YES;
				CLANG_ENABLE_OBJC_ARC = YES;
				CLANG_WARN_BOOL_CONVERSION = YES;
				CLANG_WARN_CONSTANT_CONVERSION = YES;
				CLANG_WARN_DIRECT_OBJC_ISA_USAGE = YES_ERROR;
				CLANG_WARN_EMPTY_BODY = YES;
				CLANG_WARN_ENUM_CONVERSION = YES;
				CLANG_WARN_INT_CONVERSION = YES;
				CLANG_WARN_OBJC_ROOT_CLASS = YES_ERROR;
				CLANG_WARN_UNREACHABLE_CODE = YES;
				CLANG_WARN__DUPLICATE_METHOD_MATCH = YES;
				"CODE_SIGN_IDENTITY[sdk=iphoneos*]" = "iPhone Developer";
				COPY_PHASE_STRIP = NO;
				DEBUG_INFORMATION_FORMAT = "dwarf-with-dsym";
				ENABLE_NS_ASSERTIONS = NO;
				ENABLE_STRICT_OBJC_MSGSEND = YES;
				GCC_C_LANGUAGE_STANDARD = gnu99;
				GCC_NO_COMMON_BLOCKS = YES;
				GCC_WARN_64_TO_32_BIT_CONVERSION = YES;
				GCC_WARN_ABOUT_RETURN_TYPE = YES_ERROR;
				GCC_WARN_UNDECLARED_SELECTOR = YES;
				GCC_WARN_UNINITIALIZED_AUTOS = YES_AGGRESSIVE;
				GCC_WARN_UNUSED_FUNCTION = YES;
				GCC_WARN_UNUSED_VARIABLE = YES;
				IPHONEOS_DEPLOYMENT_TARGET = 9.3;
				MTL_ENABLE_DEBUG_INFO = NO;
				SDKROOT = iphoneos;
				TARGETED_DEVICE_FAMILY = "1,2";
				VALIDATE_PRODUCT = YES;
			};
			name = Release;
		};
		59CE58571CBBF09900F94B58 /* Debug */ = {
			isa = XCBuildConfiguration;
			buildSettings = {
				ASSETCATALOG_COMPILER_APPICON_NAME = AppIcon;
				INFOPLIST_FILE = TipCalculator/Info.plist;
				LD_RUNPATH_SEARCH_PATHS = "$(inherited) @executable_path/Frameworks";
				PRODUCT_BUNDLE_IDENTIFIER = com.example.TipCalculator;
				PRODUCT_NAME = "$(TARGET_NAME)";
			};
			name = Debug;
		};
		59CE58581CBBF09900F94B58 /* Release */ = {
			isa = XCBuildConfiguration;
			buildSettings = {
				ASSETCATALOG_COMPILER_APPICON_NAME = AppIcon;
				INFOPLIST_FILE = TipCalculator/Info.plist;
				LD_RUNPATH_SEARCH_PATHS = "$(inherited) @executable_path/Frameworks";
				PRODUCT_BUNDLE_IDENTIFIER = com.example.TipCalculator;
				PRODUCT_NAME = "$(TARGET_NAME)";
			};
			name = Release;
		};
/* End XCBuildConfiguration section */

/* Begin XCConfigurationList section */
		59CE583F1CBBF09900F94B58 /* Build configuration list for PBXProject "TipCalculator" */ = {
			isa = XCConfigurationList;
			buildConfigurations = (
				59CE58541CBBF09900F94B58 /* Debug */,
				59CE58551CBBF09900F94B58 /* Release */,
			);
			defaultConfigurationIsVisible = 0;
			defaultConfigurationName = Release;
		};
		59CE58561CBBF09900F94B58 /* Build configuration list for PBXNativeTarget "TipCalculator" */ = {
			isa = XCConfigurationList;
			buildConfigurations = (
				59CE58571CBBF09900F94B58 /* Debug */,
				59CE58581CBBF09900F94B58 /* Release */,
			);
			defaultConfigurationIsVisible = 0;
		};
/* End XCConfigurationList section */
	};
	rootObject = 59CE583C1CBBF09900F94B58 /* Project object */;
}
